
Microsoft Visual Studio Solution File, Format Version 12.00
# Visual Studio 15
VisualStudioVersion = 15.0.35026.233
MinimumVisualStudioVersion = 10.0.40219.1
Project("{FAE04EC0-301F-11D3-BF4B-00C04F79EFBC}") = "Ejercicio2", "Ejercicio2.csproj", "{2A2D6149-3052-443F-9A48-4AB8266E5E22}"
EndProject
Global
	GlobalSection(SolutionConfigurationPlatforms) = preSolution
		Debug|Any CPU = Debug|Any CPU
		Release|Any CPU = Release|Any CPU
	EndGlobalSection
	GlobalSection(ProjectConfigurationPlatforms) = postSolution
		{2A2D6149-3052-443F-9A48-4AB8266E5E22}.Debug|Any CPU.ActiveCfg = Debug|Any CPU
		{2A2D6149-3052-443F-9A48-4AB8266E5E22}.Debug|Any CPU.Build.0 = Debug|Any CPU
		{2A2D6149-3052-443F-9A48-4AB8266E5E22}.Release|Any CPU.ActiveCfg = Release|Any CPU
		{2A2D6149-3052-443F-9A48-4AB8266E5E22}.Release|Any CPU.Build.0 = Release|Any CPU
	EndGlobalSection
	GlobalSection(SolutionProperties) = preSolution
		HideSolutionNode = FALSE
	EndGlobalSection
	GlobalSection(ExtensibilityGlobals) = postSolution
		SolutionGuid = {30AC0A8C-F91E-4721-ACF3-4243D9C415A5}
	EndGlobalSection
EndGlobal
